
Microsoft Visual Studio Solution File, Format Version 12.00
# Visual Studio Version 17
VisualStudioVersion = 17.10.35004.147
MinimumVisualStudioVersion = 10.0.40219.1
Project("{FAE04EC0-301F-11D3-BF4B-00C04F79EFBC}") = "DAZProductScraper", "DAZProductScraper\DAZProductScraper.csproj", "{34082DD5-5BA0-4D5D-852A-F602C5AE53CD}"
EndProject
Project("{2150E333-8FDC-42A3-9474-1A3956D46DE8}") = "Solution Items", "Solution Items", "{C0CE1E41-F9BD-47C6-ADCD-8F045EF7081A}"
	ProjectSection(SolutionItems) = preProject
		readme.md = readme.md
		website-display-correlate = website-display-correlate
	EndProjectSection
EndProject
Global
	GlobalSection(SolutionConfigurationPlatforms) = preSolution
		Debug|Any CPU = Debug|Any CPU
		Release|Any CPU = Release|Any CPU
	EndGlobalSection
	GlobalSection(ProjectConfigurationPlatforms) = postSolution
		{34082DD5-5BA0-4D5D-852A-F602C5AE53CD}.Debug|Any CPU.ActiveCfg = Debug|Any CPU
		{34082DD5-5BA0-4D5D-852A-F602C5AE53CD}.Debug|Any CPU.Build.0 = Debug|Any CPU
		{34082DD5-5BA0-4D5D-852A-F602C5AE53CD}.Release|Any CPU.ActiveCfg = Release|Any CPU
		{34082DD5-5BA0-4D5D-852A-F602C5AE53CD}.Release|Any CPU.Build.0 = Release|Any CPU
	EndGlobalSection
	GlobalSection(SolutionProperties) = preSolution
		HideSolutionNode = FALSE
	EndGlobalSection
	GlobalSection(ExtensibilityGlobals) = postSolution
		SolutionGuid = {2FDE6356-AABF-496F-B87D-FF4B96707D4C}
	EndGlobalSection
EndGlobal
